// !$*UTF8*$!
{
	archiveVersion = 1;
	classes = {
	};
	objectVersion = 56;
	objects = {

/* Begin PBXBuildFile section */
		7D6A886C2933C2DF00BED0BE /* AppDelegate.swift in Sources */ = {isa = PBXBuildFile; fileRef = 7D6A886B2933C2DF00BED0BE /* AppDelegate.swift */; };
		7D6A886E2933C2DF00BED0BE /* SceneDelegate.swift in Sources */ = {isa = PBXBuildFile; fileRef = 7D6A886D2933C2DF00BED0BE /* SceneDelegate.swift */; };
		7D6A88702933C2DF00BED0BE /* ViewController.swift in Sources */ = {isa = PBXBuildFile; fileRef = 7D6A886F2933C2DF00BED0BE /* ViewController.swift */; };
		7D6A88732933C2DF00BED0BE /* Main.storyboard in Resources */ = {isa = PBXBuildFile; fileRef = 7D6A88712933C2DF00BED0BE /* Main.storyboard */; };
		7D6A88752933C2E100BED0BE /* Assets.xcassets in Resources */ = {isa = PBXBuildFile; fileRef = 7D6A88742933C2E100BED0BE /* Assets.xcassets */; };
		7D6A88782933C2E100BED0BE /* LaunchScreen.storyboard in Resources */ = {isa = PBXBuildFile; fileRef = 7D6A88762933C2E100BED0BE /* LaunchScreen.storyboard */; };
		7D6A88832933C2E200BED0BE /* sharktestTests.swift in Sources */ = {isa = PBXBuildFile; fileRef = 7D6A88822933C2E200BED0BE /* sharktestTests.swift */; };
		7D6A888D2933C2E200BED0BE /* sharktestUITests.swift in Sources */ = {isa = PBXBuildFile; fileRef = 7D6A888C2933C2E200BED0BE /* sharktestUITests.swift */; };
		7D6A888F2933C2E200BED0BE /* sharktestUITestsLaunchTests.swift in Sources */ = {isa = PBXBuildFile; fileRef = 7D6A888E2933C2E200BED0BE /* sharktestUITestsLaunchTests.swift */; };
/* End PBXBuildFile section */

/* Begin PBXContainerItemProxy section */
		7D6A887F2933C2E200BED0BE /* PBXContainerItemProxy */ = {
			isa = PBXContainerItemProxy;
			containerPortal = 7D6A88602933C2DF00BED0BE /* Project object */;
			proxyType = 1;
			remoteGlobalIDString = 7D6A88672933C2DF00BED0BE;
			remoteInfo = sharktest;
		};
		7D6A88892933C2E200BED0BE /* PBXContainerItemProxy */ = {
			isa = PBXContainerItemProxy;
			containerPortal = 7D6A88602933C2DF00BED0BE /* Project object */;
			proxyType = 1;
			remoteGlobalIDString = 7D6A88672933C2DF00BED0BE;
			remoteInfo = sharktest;
		};
/* End PBXContainerItemProxy section */

/* Begin PBXFileReference section */
		7D6A88682933C2DF00BED0BE /* sharktest.app */ = {isa = PBXFileReference; explicitFileType = wrapper.application; includeInIndex = 0; path = sharktest.app; sourceTree = BUILT_PRODUCTS_DIR; };
		7D6A886B2933C2DF00BED0BE /* AppDelegate.swift */ = {isa = PBXFileReference; lastKnownFileType = sourcecode.swift; path = AppDelegate.swift; sourceTree = "<group>"; };
		7D6A886D2933C2DF00BED0BE /* SceneDelegate.swift */ = {isa = PBXFileReference; lastKnownFileType = sourcecode.swift; path = SceneDelegate.swift; sourceTree = "<group>"; };
		7D6A886F2933C2DF00BED0BE /* ViewController.swift */ = {isa = PBXFileReference; lastKnownFileType = sourcecode.swift; path = ViewController.swift; sourceTree = "<group>"; };
		7D6A88722933C2DF00BED0BE /* Base */ = {isa = PBXFileReference; lastKnownFileType = file.storyboard; name = Base; path = Base.lproj/Main.storyboard; sourceTree = "<group>"; };
		7D6A88742933C2E100BED0BE /* Assets.xcassets */ = {isa = PBXFileReference; lastKnownFileType = folder.assetcatalog; path = Assets.xcassets; sourceTree = "<group>"; };
		7D6A88772933C2E100BED0BE /* Base */ = {isa = PBXFileReference; lastKnownFileType = file.storyboard; name = Base; path = Base.lproj/LaunchScreen.storyboard; sourceTree = "<group>"; };
		7D6A88792933C2E100BED0BE /* Info.plist */ = {isa = PBXFileReference; lastKnownFileType = text.plist.xml; path = Info.plist; sourceTree = "<group>"; };
		7D6A887E2933C2E200BED0BE /* sharktestTests.xctest */ = {isa = PBXFileReference; explicitFileType = wrapper.cfbundle; includeInIndex = 0; path = sharktestTests.xctest; sourceTree = BUILT_PRODUCTS_DIR; };
		7D6A88822933C2E200BED0BE /* sharktestTests.swift */ = {isa = PBXFileReference; lastKnownFileType = sourcecode.swift; path = sharktestTests.swift; sourceTree = "<group>"; };
		7D6A88882933C2E200BED0BE /* sharktestUITests.xctest */ = {isa = PBXFileReference; explicitFileType = wrapper.cfbundle; includeInIndex = 0; path = sharktestUITests.xctest; sourceTree = BUILT_PRODUCTS_DIR; };
		7D6A888C2933C2E200BED0BE /* sharktestUITests.swift */ = {isa = PBXFileReference; lastKnownFileType = sourcecode.swift; path = sharktestUITests.swift; sourceTree = "<group>"; };
		7D6A888E2933C2E200BED0BE /* sharktestUITestsLaunchTests.swift */ = {isa = PBXFileReference; lastKnownFileType = sourcecode.swift; path = sharktestUITestsLaunchTests.swift; sourceTree = "<group>"; };
/* End PBXFileReference section */

/* Begin PBXFrameworksBuildPhase section */
		7D6A88652933C2DF00BED0BE /* Frameworks */ = {
			isa = PBXFrameworksBuildPhase;
			buildActionMask = 2147483647;
			files = (
			);
			runOnlyForDeploymentPostprocessing = 0;
		};
		7D6A887B2933C2E200BED0BE /* Frameworks */ = {
			isa = PBXFrameworksBuildPhase;
			buildActionMask = 2147483647;
			files = (
			);
			runOnlyForDeploymentPostprocessing = 0;
		};
		7D6A88852933C2E200BED0BE /* Frameworks */ = {
			isa = PBXFrameworksBuildPhase;
			buildActionMask = 2147483647;
			files = (
			);
			runOnlyForDeploymentPostprocessing = 0;
		};
/* End PBXFrameworksBuildPhase section */

/* Begin PBXGroup section */
		7D6A885F2933C2DF00BED0BE = {
			isa = PBXGroup;
			children = (
				7D6A886A2933C2DF00BED0BE /* sharktest */,
				7D6A88812933C2E200BED0BE /* sharktestTests */,
				7D6A888B2933C2E200BED0BE /* sharktestUITests */,
				7D6A88692933C2DF00BED0BE /* Products */,
			);
			sourceTree = "<group>";
		};
		7D6A88692933C2DF00BED0BE /* Products */ = {
			isa = PBXGroup;
			children = (
				7D6A88682933C2DF00BED0BE /* sharktest.app */,
				7D6A887E2933C2E200BED0BE /* sharktestTests.xctest */,
				7D6A88882933C2E200BED0BE /* sharktestUITests.xctest */,
			);
			name = Products;
			sourceTree = "<group>";
		};
		7D6A886A2933C2DF00BED0BE /* sharktest */ = {
			isa = PBXGroup;
			children = (
				7D6A886B2933C2DF00BED0BE /* AppDelegate.swift */,
				7D6A886D2933C2DF00BED0BE /* SceneDelegate.swift */,
				7D6A886F2933C2DF00BED0BE /* ViewController.swift */,
				7D6A88712933C2DF00BED0BE /* Main.storyboard */,
				7D6A88742933C2E100BED0BE /* Assets.xcassets */,
				7D6A88762933C2E100BED0BE /* LaunchScreen.storyboard */,
				7D6A88792933C2E100BED0BE /* Info.plist */,
			);
			path = sharktest;
			sourceTree = "<group>";
		};
		7D6A88812933C2E200BED0BE /* sharktestTests */ = {
			isa = PBXGroup;
			children = (
				7D6A88822933C2E200BED0BE /* sharktestTests.swift */,
			);
			path = sharktestTests;
			sourceTree = "<group>";
		};
		7D6A888B2933C2E200BED0BE /* sharktestUITests */ = {
			isa = PBXGroup;
			children = (
				7D6A888C2933C2E200BED0BE /* sharktestUITests.swift */,
				7D6A888E2933C2E200BED0BE /* sharktestUITestsLaunchTests.swift */,
			);
			path = sharktestUITests;
			sourceTree = "<group>";
		};
/* End PBXGroup section */

/* Begin PBXNativeTarget section */
		7D6A88672933C2DF00BED0BE /* sharktest */ = {
			isa = PBXNativeTarget;
			buildConfigurationList = 7D6A88922933C2E200BED0BE /* Build configuration list for PBXNativeTarget "sharktest" */;
			buildPhases = (
				7D6A88642933C2DF00BED0BE /* Sources */,
				7D6A88652933C2DF00BED0BE /* Frameworks */,
				7D6A88662933C2DF00BED0BE /* Resources */,
			);
			buildRules = (
			);
			dependencies = (
			);
			name = sharktest;
			productName = sharktest;
			productReference = 7D6A88682933C2DF00BED0BE /* sharktest.app */;
			productType = "com.apple.product-type.application";
		};
		7D6A887D2933C2E200BED0BE /* sharktestTests */ = {
			isa = PBXNativeTarget;
			buildConfigurationList = 7D6A88952933C2E200BED0BE /* Build configuration list for PBXNativeTarget "sharktestTests" */;
			buildPhases = (
				7D6A887A2933C2E200BED0BE /* Sources */,
				7D6A887B2933C2E200BED0BE /* Frameworks */,
				7D6A887C2933C2E200BED0BE /* Resources */,
			);
			buildRules = (
			);
			dependencies = (
				7D6A88802933C2E200BED0BE /* PBXTargetDependency */,
			);
			name = sharktestTests;
			productName = sharktestTests;
			productReference = 7D6A887E2933C2E200BED0BE /* sharktestTests.xctest */;
			productType = "com.apple.product-type.bundle.unit-test";
		};
		7D6A88872933C2E200BED0BE /* sharktestUITests */ = {
			isa = PBXNativeTarget;
			buildConfigurationList = 7D6A88982933C2E200BED0BE /* Build configuration list for PBXNativeTarget "sharktestUITests" */;
			buildPhases = (
				7D6A88842933C2E200BED0BE /* Sources */,
				7D6A88852933C2E200BED0BE /* Frameworks */,
				7D6A88862933C2E200BED0BE /* Resources */,
			);
			buildRules = (
			);
			dependencies = (
				7D6A888A2933C2E200BED0BE /* PBXTargetDependency */,
			);
			name = sharktestUITests;
			productName = sharktestUITests;
			productReference = 7D6A88882933C2E200BED0BE /* sharktestUITests.xctest */;
			productType = "com.apple.product-type.bundle.ui-testing";
		};
/* End PBXNativeTarget section */

/* Begin PBXProject section */
		7D6A88602933C2DF00BED0BE /* Project object */ = {
			isa = PBXProject;
			attributes = {
				BuildIndependentTargetsInParallel = 1;
				LastSwiftUpdateCheck = 1410;
				LastUpgradeCheck = 1410;
				TargetAttributes = {
					7D6A88672933C2DF00BED0BE = {
						CreatedOnToolsVersion = 14.1;
					};
					7D6A887D2933C2E200BED0BE = {
						CreatedOnToolsVersion = 14.1;
						TestTargetID = 7D6A88672933C2DF00BED0BE;
					};
					7D6A88872933C2E200BED0BE = {
						CreatedOnToolsVersion = 14.1;
						TestTargetID = 7D6A88672933C2DF00BED0BE;
					};
				};
			};
			buildConfigurationList = 7D6A88632933C2DF00BED0BE /* Build configuration list for PBXProject "sharktest" */;
			compatibilityVersion = "Xcode 14.0";
			developmentRegion = en;
			hasScannedForEncodings = 0;
			knownRegions = (
				en,
				Base,
			);
			mainGroup = 7D6A885F2933C2DF00BED0BE;
			productRefGroup = 7D6A88692933C2DF00BED0BE /* Products */;
			projectDirPath = "";
			projectRoot = "";
			targets = (
				7D6A88672933C2DF00BED0BE /* sharktest */,
				7D6A887D2933C2E200BED0BE /* sharktestTests */,
				7D6A88872933C2E200BED0BE /* sharktestUITests */,
			);
		};
/* End PBXProject section */

/* Begin PBXResourcesBuildPhase section */
		7D6A88662933C2DF00BED0BE /* Resources */ = {
			isa = PBXResourcesBuildPhase;
			buildActionMask = 2147483647;
			files = (
				7D6A88782933C2E100BED0BE /* LaunchScreen.storyboard in Resources */,
				7D6A88752933C2E100BED0BE /* Assets.xcassets in Resources */,
				7D6A88732933C2DF00BED0BE /* Main.storyboard in Resources */,
			);
			runOnlyForDeploymentPostprocessing = 0;
		};
		7D6A887C2933C2E200BED0BE /* Resources */ = {
			isa = PBXResourcesBuildPhase;
			buildActionMask = 2147483647;
			files = (
			);
			runOnlyForDeploymentPostprocessing = 0;
		};
		7D6A88862933C2E200BED0BE /* Resources */ = {
			isa = PBXResourcesBuildPhase;
			buildActionMask = 2147483647;
			files = (
			);
			runOnlyForDeploymentPostprocessing = 0;
		};
/* End PBXResourcesBuildPhase section */

/* Begin PBXSourcesBuildPhase section */
		7D6A88642933C2DF00BED0BE /* Sources */ = {
			isa = PBXSourcesBuildPhase;
			buildActionMask = 2147483647;
			files = (
				7D6A88702933C2DF00BED0BE /* ViewController.swift in Sources */,
				7D6A886C2933C2DF00BED0BE /* AppDelegate.swift in Sources */,
				7D6A886E2933C2DF00BED0BE /* SceneDelegate.swift in Sources */,
			);
			runOnlyForDeploymentPostprocessing = 0;
		};
		7D6A887A2933C2E200BED0BE /* Sources */ = {
			isa = PBXSourcesBuildPhase;
			buildActionMask = 2147483647;
			files = (
				7D6A88832933C2E200BED0BE /* sharktestTests.swift in Sources */,
			);
			runOnlyForDeploymentPostprocessing = 0;
		};
		7D6A88842933C2E200BED0BE /* Sources */ = {
			isa = PBXSourcesBuildPhase;
			buildActionMask = 2147483647;
			files = (
				7D6A888F2933C2E200BED0BE /* sharktestUITestsLaunchTests.swift in Sources */,
				7D6A888D2933C2E200BED0BE /* sharktestUITests.swift in Sources */,
			);
			runOnlyForDeploymentPostprocessing = 0;
		};
/* End PBXSourcesBuildPhase section */

/* Begin PBXTargetDependency section */
		7D6A88802933C2E200BED0BE /* PBXTargetDependency */ = {
			isa = PBXTargetDependency;
			target = 7D6A88672933C2DF00BED0BE /* sharktest */;
			targetProxy = 7D6A887F2933C2E200BED0BE /* PBXContainerItemProxy */;
		};
		7D6A888A2933C2E200BED0BE /* PBXTargetDependency */ = {
			isa = PBXTargetDependency;
			target = 7D6A88672933C2DF00BED0BE /* sharktest */;
			targetProxy = 7D6A88892933C2E200BED0BE /* PBXContainerItemProxy */;
		};
/* End PBXTargetDependency section */

/* Begin PBXVariantGroup section */
		7D6A88712933C2DF00BED0BE /* Main.storyboard */ = {
			isa = PBXVariantGroup;
			children = (
				7D6A88722933C2DF00BED0BE /* Base */,
			);
			name = Main.storyboard;
			sourceTree = "<group>";
		};
		7D6A88762933C2E100BED0BE /* LaunchScreen.storyboard */ = {
			isa = PBXVariantGroup;
			children = (
				7D6A88772933C2E100BED0BE /* Base */,
			);
			name = LaunchScreen.storyboard;
			sourceTree = "<group>";
		};
/* End PBXVariantGroup section */

/* Begin XCBuildConfiguration section */
		7D6A88902933C2E200BED0BE /* Debug */ = {
			isa = XCBuildConfiguration;
			buildSettings = {
				ALWAYS_SEARCH_USER_PATHS = NO;
				CLANG_ANALYZER_NONNULL = YES;
				CLANG_ANALYZER_NUMBER_OBJECT_CONVERSION = YES_AGGRESSIVE;
				CLANG_CXX_LANGUAGE_STANDARD = "gnu++20";
				CLANG_ENABLE_MODULES = YES;
				CLANG_ENABLE_OBJC_ARC = YES;
				CLANG_ENABLE_OBJC_WEAK = YES;
				CLANG_WARN_BLOCK_CAPTURE_AUTORELEASING = YES;
				CLANG_WARN_BOOL_CONVERSION = YES;
				CLANG_WARN_COMMA = YES;
				CLANG_WARN_CONSTANT_CONVERSION = YES;
				CLANG_WARN_DEPRECATED_OBJC_IMPLEMENTATIONS = YES;
				CLANG_WARN_DIRECT_OBJC_ISA_USAGE = YES_ERROR;
				CLANG_WARN_DOCUMENTATION_COMMENTS = YES;
				CLANG_WARN_EMPTY_BODY = YES;
				CLANG_WARN_ENUM_CONVERSION = YES;
				CLANG_WARN_INFINITE_RECURSION = YES;
				CLANG_WARN_INT_CONVERSION = YES;
				CLANG_WARN_NON_LITERAL_NULL_CONVERSION = YES;
				CLANG_WARN_OBJC_IMPLICIT_RETAIN_SELF = YES;
				CLANG_WARN_OBJC_LITERAL_CONVERSION = YES;
				CLANG_WARN_OBJC_ROOT_CLASS = YES_ERROR;
				CLANG_WARN_QUOTED_INCLUDE_IN_FRAMEWORK_HEADER = YES;
				CLANG_WARN_RANGE_LOOP_ANALYSIS = YES;
				CLANG_WARN_STRICT_PROTOTYPES = YES;
				CLANG_WARN_SUSPICIOUS_MOVE = YES;
				CLANG_WARN_UNGUARDED_AVAILABILITY = YES_AGGRESSIVE;
				CLANG_WARN_UNREACHABLE_CODE = YES;
				CLANG_WARN__DUPLICATE_METHOD_MATCH = YES;
				COPY_PHASE_STRIP = NO;
				DEBUG_INFORMATION_FORMAT = dwarf;
				ENABLE_STRICT_OBJC_MSGSEND = YES;
				ENABLE_TESTABILITY = YES;
				GCC_C_LANGUAGE_STANDARD = gnu11;
				GCC_DYNAMIC_NO_PIC = NO;
				GCC_NO_COMMON_BLOCKS = YES;
				GCC_OPTIMIZATION_LEVEL = 0;
				GCC_PREPROCESSOR_DEFINITIONS = (
					"DEBUG=1",
					"$(inherited)",
				);
				GCC_WARN_64_TO_32_BIT_CONVERSION = YES;
				GCC_WARN_ABOUT_RETURN_TYPE = YES_ERROR;
				GCC_WARN_UNDECLARED_SELECTOR = YES;
				GCC_WARN_UNINITIALIZED_AUTOS = YES_AGGRESSIVE;
				GCC_WARN_UNUSED_FUNCTION = YES;
				GCC_WARN_UNUSED_VARIABLE = YES;
				IPHONEOS_DEPLOYMENT_TARGET = 16.1;
				MTL_ENABLE_DEBUG_INFO = INCLUDE_SOURCE;
				MTL_FAST_MATH = YES;
				ONLY_ACTIVE_ARCH = YES;
				SDKROOT = iphoneos;
				SWIFT_ACTIVE_COMPILATION_CONDITIONS = DEBUG;
				SWIFT_OPTIMIZATION_LEVEL = "-Onone";
			};
			name = Debug;
		};
		7D6A88912933C2E200BED0BE /* Release */ = {
			isa = XCBuildConfiguration;
			buildSettings = {
				ALWAYS_SEARCH_USER_PATHS = NO;
				CLANG_ANALYZER_NONNULL = YES;
				CLANG_ANALYZER_NUMBER_OBJECT_CONVERSION = YES_AGGRESSIVE;
				CLANG_CXX_LANGUAGE_STANDARD = "gnu++20";
				CLANG_ENABLE_MODULES = YES;
				CLANG_ENABLE_OBJC_ARC = YES;
				CLANG_ENABLE_OBJC_WEAK = YES;
				CLANG_WARN_BLOCK_CAPTURE_AUTORELEASING = YES;
				CLANG_WARN_BOOL_CONVERSION = YES;
				CLANG_WARN_COMMA = YES;
				CLANG_WARN_CONSTANT_CONVERSION = YES;
				CLANG_WARN_DEPRECATED_OBJC_IMPLEMENTATIONS = YES;
				CLANG_WARN_DIRECT_OBJC_ISA_USAGE = YES_ERROR;
				CLANG_WARN_DOCUMENTATION_COMMENTS = YES;
				CLANG_WARN_EMPTY_BODY = YES;
				CLANG_WARN_ENUM_CONVERSION = YES;
				CLANG_WARN_INFINITE_RECURSION = YES;
				CLANG_WARN_INT_CONVERSION = YES;
				CLANG_WARN_NON_LITERAL_NULL_CONVERSION = YES;
				CLANG_WARN_OBJC_IMPLICIT_RETAIN_SELF = YES;
				CLANG_WARN_OBJC_LITERAL_CONVERSION = YES;
				CLANG_WARN_OBJC_ROOT_CLASS = YES_ERROR;
				CLANG_WARN_QUOTED_INCLUDE_IN_FRAMEWORK_HEADER = YES;
				CLANG_WARN_RANGE_LOOP_ANALYSIS = YES;
				CLANG_WARN_STRICT_PROTOTYPES = YES;
				CLANG_WARN_SUSPICIOUS_MOVE = YES;
				CLANG_WARN_UNGUARDED_AVAILABILITY = YES_AGGRESSIVE;
				CLANG_WARN_UNREACHABLE_CODE = YES;
				CLANG_WARN__DUPLICATE_METHOD_MATCH = YES;
				COPY_PHASE_STRIP = NO;
				DEBUG_INFORMATION_FORMAT = "dwarf-with-dsym";
				ENABLE_NS_ASSERTIONS = NO;
				ENABLE_STRICT_OBJC_MSGSEND = YES;
				GCC_C_LANGUAGE_STANDARD = gnu11;
				GCC_NO_COMMON_BLOCKS = YES;
				GCC_WARN_64_TO_32_BIT_CONVERSION = YES;
				GCC_WARN_ABOUT_RETURN_TYPE = YES_ERROR;
				GCC_WARN_UNDECLARED_SELECTOR = YES;
				GCC_WARN_UNINITIALIZED_AUTOS = YES_AGGRESSIVE;
				GCC_WARN_UNUSED_FUNCTION = YES;
				GCC_WARN_UNUSED_VARIABLE = YES;
				IPHONEOS_DEPLOYMENT_TARGET = 16.1;
				MTL_ENABLE_DEBUG_INFO = NO;
				MTL_FAST_MATH = YES;
				SDKROOT = iphoneos;
				SWIFT_COMPILATION_MODE = wholemodule;
				SWIFT_OPTIMIZATION_LEVEL = "-O";
				VALIDATE_PRODUCT = YES;
			};
			name = Release;
		};
		7D6A88932933C2E200BED0BE /* Debug */ = {
			isa = XCBuildConfiguration;
			buildSettings = {
				ASSETCATALOG_COMPILER_APPICON_NAME = AppIcon;
				ASSETCATALOG_COMPILER_GLOBAL_ACCENT_COLOR_NAME = AccentColor;
				CODE_SIGN_STYLE = Automatic;
				CURRENT_PROJECT_VERSION = 1;
				DEVELOPMENT_TEAM = LSB7R4D9XA;
				GENERATE_INFOPLIST_FILE = YES;
				INFOPLIST_FILE = sharktest/Info.plist;
				INFOPLIST_KEY_UIApplicationSupportsIndirectInputEvents = YES;
				INFOPLIST_KEY_UILaunchStoryboardName = LaunchScreen;
				INFOPLIST_KEY_UIMainStoryboardFile = Main;
				INFOPLIST_KEY_UISupportedInterfaceOrientations_iPad = "UIInterfaceOrientationPortrait UIInterfaceOrientationPortraitUpsideDown UIInterfaceOrientationLandscapeLeft UIInterfaceOrientationLandscapeRight";
				INFOPLIST_KEY_UISupportedInterfaceOrientations_iPhone = "UIInterfaceOrientationPortrait UIInterfaceOrientationLandscapeLeft UIInterfaceOrientationLandscapeRight";
				LD_RUNPATH_SEARCH_PATHS = (
					"$(inherited)",
					"@executable_path/Frameworks",
				);
				MARKETING_VERSION = 1.0;
				PRODUCT_BUNDLE_IDENTIFIER = com.sharkteam.sharktest;
				PRODUCT_NAME = "$(TARGET_NAME)";
				SWIFT_EMIT_LOC_STRINGS = YES;
				SWIFT_VERSION = 5.0;
				TARGETED_DEVICE_FAMILY = "1,2";
			};
			name = Debug;
		};
		7D6A88942933C2E200BED0BE /* Release */ = {
			isa = XCBuildConfiguration;
			buildSettings = {
				ASSETCATALOG_COMPILER_APPICON_NAME = AppIcon;
				ASSETCATALOG_COMPILER_GLOBAL_ACCENT_COLOR_NAME = AccentColor;
				CODE_SIGN_STYLE = Automatic;
				CURRENT_PROJECT_VERSION = 1;
				DEVELOPMENT_TEAM = LSB7R4D9XA;
				GENERATE_INFOPLIST_FILE = YES;
				INFOPLIST_FILE = sharktest/Info.plist;
				INFOPLIST_KEY_UIApplicationSupportsIndirectInputEvents = YES;
				INFOPLIST_KEY_UILaunchStoryboardName = LaunchScreen;
				INFOPLIST_KEY_UIMainStoryboardFile = Main;
				INFOPLIST_KEY_UISupportedInterfaceOrientations_iPad = "UIInterfaceOrientationPortrait UIInterfaceOrientationPortraitUpsideDown UIInterfaceOrientationLandscapeLeft UIInterfaceOrientationLandscapeRight";
				INFOPLIST_KEY_UISupportedInterfaceOrientations_iPhone = "UIInterfaceOrientationPortrait UIInterfaceOrientationLandscapeLeft UIInterfaceOrientationLandscapeRight";
				LD_RUNPATH_SEARCH_PATHS = (
					"$(inherited)",
					"@executable_path/Frameworks",
				);
				MARKETING_VERSION = 1.0;
				PRODUCT_BUNDLE_IDENTIFIER = com.sharkteam.sharktest;
				PRODUCT_NAME = "$(TARGET_NAME)";
				SWIFT_EMIT_LOC_STRINGS = YES;
				SWIFT_VERSION = 5.0;
				TARGETED_DEVICE_FAMILY = "1,2";
			};
			name = Release;
		};
		7D6A88962933C2E200BED0BE /* Debug */ = {
			isa = XCBuildConfiguration;
			buildSettings = {
				ALWAYS_EMBED_SWIFT_STANDARD_LIBRARIES = YES;
				BUNDLE_LOADER = "$(TEST_HOST)";
				CODE_SIGN_STYLE = Automatic;
				CURRENT_PROJECT_VERSION = 1;
				DEVELOPMENT_TEAM = LSB7R4D9XA;
				GENERATE_INFOPLIST_FILE = YES;
				IPHONEOS_DEPLOYMENT_TARGET = 16.1;
				MARKETING_VERSION = 1.0;
				PRODUCT_BUNDLE_IDENTIFIER = com.sharkteam.sharktestTests;
				PRODUCT_NAME = "$(TARGET_NAME)";
				SWIFT_EMIT_LOC_STRINGS = NO;
				SWIFT_VERSION = 5.0;
				TARGETED_DEVICE_FAMILY = "1,2";
				TEST_HOST = "$(BUILT_PRODUCTS_DIR)/sharktest.app/$(BUNDLE_EXECUTABLE_FOLDER_PATH)/sharktest";
			};
			name = Debug;
		};
		7D6A88972933C2E200BED0BE /* Release */ = {
			isa = XCBuildConfiguration;
			buildSettings = {
				ALWAYS_EMBED_SWIFT_STANDARD_LIBRARIES = YES;
				BUNDLE_LOADER = "$(TEST_HOST)";
				CODE_SIGN_STYLE = Automatic;
				CURRENT_PROJECT_VERSION = 1;
				DEVELOPMENT_TEAM = LSB7R4D9XA;
				GENERATE_INFOPLIST_FILE = YES;
				IPHONEOS_DEPLOYMENT_TARGET = 16.1;
				MARKETING_VERSION = 1.0;
				PRODUCT_BUNDLE_IDENTIFIER = com.sharkteam.sharktestTests;
				PRODUCT_NAME = "$(TARGET_NAME)";
				SWIFT_EMIT_LOC_STRINGS = NO;
				SWIFT_VERSION = 5.0;
				TARGETED_DEVICE_FAMILY = "1,2";
				TEST_HOST = "$(BUILT_PRODUCTS_DIR)/sharktest.app/$(BUNDLE_EXECUTABLE_FOLDER_PATH)/sharktest";
			};
			name = Release;
		};
		7D6A88992933C2E200BED0BE /* Debug */ = {
			isa = XCBuildConfiguration;
			buildSettings = {
				ALWAYS_EMBED_SWIFT_STANDARD_LIBRARIES = YES;
				CODE_SIGN_STYLE = Automatic;
				CURRENT_PROJECT_VERSION = 1;
				DEVELOPMENT_TEAM = LSB7R4D9XA;
				GENERATE_INFOPLIST_FILE = YES;
				MARKETING_VERSION = 1.0;
				PRODUCT_BUNDLE_IDENTIFIER = com.sharkteam.sharktestUITests;
				PRODUCT_NAME = "$(TARGET_NAME)";
				SWIFT_EMIT_LOC_STRINGS = NO;
				SWIFT_VERSION = 5.0;
				TARGETED_DEVICE_FAMILY = "1,2";
				TEST_TARGET_NAME = sharktest;
			};
			name = Debug;
		};
		7D6A889A2933C2E200BED0BE /* Release */ = {
			isa = XCBuildConfiguration;
			buildSettings = {
				ALWAYS_EMBED_SWIFT_STANDARD_LIBRARIES = YES;
				CODE_SIGN_STYLE = Automatic;
				CURRENT_PROJECT_VERSION = 1;
				DEVELOPMENT_TEAM = LSB7R4D9XA;
				GENERATE_INFOPLIST_FILE = YES;
				MARKETING_VERSION = 1.0;
				PRODUCT_BUNDLE_IDENTIFIER = com.sharkteam.sharktestUITests;
				PRODUCT_NAME = "$(TARGET_NAME)";
				SWIFT_EMIT_LOC_STRINGS = NO;
				SWIFT_VERSION = 5.0;
				TARGETED_DEVICE_FAMILY = "1,2";
				TEST_TARGET_NAME = sharktest;
			};
			name = Release;
		};
/* End XCBuildConfiguration section */

/* Begin XCConfigurationList section */
		7D6A88632933C2DF00BED0BE /* Build configuration list for PBXProject "sharktest" */ = {
			isa = XCConfigurationList;
			buildConfigurations = (
				7D6A88902933C2E200BED0BE /* Debug */,
				7D6A88912933C2E200BED0BE /* Release */,
			);
			defaultConfigurationIsVisible = 0;
			defaultConfigurationName = Release;
		};
		7D6A88922933C2E200BED0BE /* Build configuration list for PBXNativeTarget "sharktest" */ = {
			isa = XCConfigurationList;
			buildConfigurations = (
				7D6A88932933C2E200BED0BE /* Debug */,
				7D6A88942933C2E200BED0BE /* Release */,
			);
			defaultConfigurationIsVisible = 0;
			defaultConfigurationName = Release;
		};
		7D6A88952933C2E200BED0BE /* Build configuration list for PBXNativeTarget "sharktestTests" */ = {
			isa = XCConfigurationList;
			buildConfigurations = (
				7D6A88962933C2E200BED0BE /* Debug */,
				7D6A88972933C2E200BED0BE /* Release */,
			);
			defaultConfigurationIsVisible = 0;
			defaultConfigurationName = Release;
		};
		7D6A88982933C2E200BED0BE /* Build configuration list for PBXNativeTarget "sharktestUITests" */ = {
			isa = XCConfigurationList;
			buildConfigurations = (
				7D6A88992933C2E200BED0BE /* Debug */,
				7D6A889A2933C2E200BED0BE /* Release */,
			);
			defaultConfigurationIsVisible = 0;
			defaultConfigurationName = Release;
		};
/* End XCConfigurationList section */
	};
	rootObject = 7D6A88602933C2DF00BED0BE /* Project object */;
}
